
Microsoft Visual Studio Solution File, Format Version 12.00
# Visual Studio 15
VisualStudioVersion = 15.0.27703.2026
MinimumVisualStudioVersion = 10.0.40219.1
Project("{FAE04EC0-301F-11D3-BF4B-00C04F79EFBC}") = "Project1", "Project1\Project1.csproj", "{917691F4-6F55-4F53-AE6E-4A93D9C97953}"
EndProject
Global
	GlobalSection(SolutionConfigurationPlatforms) = preSolution
		Debug|Any CPU = Debug|Any CPU
		Release|Any CPU = Release|Any CPU
	EndGlobalSection
	GlobalSection(ProjectConfigurationPlatforms) = postSolution
		{917691F4-6F55-4F53-AE6E-4A93D9C97953}.Debug|Any CPU.ActiveCfg = Debug|Any CPU
		{917691F4-6F55-4F53-AE6E-4A93D9C97953}.Debug|Any CPU.Build.0 = Debug|Any CPU
		{917691F4-6F55-4F53-AE6E-4A93D9C97953}.Release|Any CPU.ActiveCfg = Release|Any CPU
		{917691F4-6F55-4F53-AE6E-4A93D9C97953}.Release|Any CPU.Build.0 = Release|Any CPU
	EndGlobalSection
	GlobalSection(SolutionProperties) = preSolution
		HideSolutionNode = FALSE
	EndGlobalSection
	GlobalSection(ExtensibilityGlobals) = postSolution
		SolutionGuid = {52FA92C3-F0EB-498D-9654-E0B5C744303D}
	EndGlobalSection
EndGlobal
